// !$*UTF8*$!
{
	archiveVersion = 1;
	classes = {
	};
	objectVersion = 55;
	objects = {

/* Begin PBXBuildFile section */
		58EC0E3827373EB8005B2ECE /* UIView.swift in Sources */ = {isa = PBXBuildFile; fileRef = 58EC0E3727373EB8005B2ECE /* UIView.swift */; };
		58EC0E3A27373EF6005B2ECE /* UIViewController.swift in Sources */ = {isa = PBXBuildFile; fileRef = 58EC0E3927373EF5005B2ECE /* UIViewController.swift */; };
		58EC0E3C27373F00005B2ECE /* String.swift in Sources */ = {isa = PBXBuildFile; fileRef = 58EC0E3B27373F00005B2ECE /* String.swift */; };
		58EC0E3E27373F58005B2ECE /* SceneDelegate.swift in Sources */ = {isa = PBXBuildFile; fileRef = 58EC0E3D27373F58005B2ECE /* SceneDelegate.swift */; };
		58EC0E4027373F76005B2ECE /* Main.storyboard in Resources */ = {isa = PBXBuildFile; fileRef = 58EC0E3F27373F76005B2ECE /* Main.storyboard */; };
		58EC0E4227373F83005B2ECE /* SignInViewController.swift in Sources */ = {isa = PBXBuildFile; fileRef = 58EC0E4127373F83005B2ECE /* SignInViewController.swift */; };
		58EC0E4427373FBD005B2ECE /* SignUpViewController.swift in Sources */ = {isa = PBXBuildFile; fileRef = 58EC0E4327373FBD005B2ECE /* SignUpViewController.swift */; };
		58EC0E4627373FD1005B2ECE /* PasswordViewController.swift in Sources */ = {isa = PBXBuildFile; fileRef = 58EC0E4527373FD1005B2ECE /* PasswordViewController.swift */; };
		58EC0E4C27374AD0005B2ECE /* UIImageView.swift in Sources */ = {isa = PBXBuildFile; fileRef = 58EC0E4B27374AD0005B2ECE /* UIImageView.swift */; };
		58EC0E4E27374B0B005B2ECE /* HomeViewController.swift in Sources */ = {isa = PBXBuildFile; fileRef = 58EC0E4D27374B0A005B2ECE /* HomeViewController.swift */; };
		58F47567272F2A12004E18D3 /* AppDelegate.swift in Sources */ = {isa = PBXBuildFile; fileRef = 58F47566272F2A12004E18D3 /* AppDelegate.swift */; };
		58F47570272F2A14004E18D3 /* Assets.xcassets in Resources */ = {isa = PBXBuildFile; fileRef = 58F4756F272F2A14004E18D3 /* Assets.xcassets */; };
		58F47573272F2A14004E18D3 /* LaunchScreen.storyboard in Resources */ = {isa = PBXBuildFile; fileRef = 58F47571272F2A14004E18D3 /* LaunchScreen.storyboard */; };
		58F47586272F2AC3004E18D3 /* Poppins-Bold.ttf in Resources */ = {isa = PBXBuildFile; fileRef = 58F4757D272F2AC3004E18D3 /* Poppins-Bold.ttf */; };
		58F47587272F2AC3004E18D3 /* Poppins-SemiBold.ttf in Resources */ = {isa = PBXBuildFile; fileRef = 58F4757E272F2AC3004E18D3 /* Poppins-SemiBold.ttf */; };
		58F47588272F2AC3004E18D3 /* Poppins-Black.ttf in Resources */ = {isa = PBXBuildFile; fileRef = 58F4757F272F2AC3004E18D3 /* Poppins-Black.ttf */; };
		58F47589272F2AC3004E18D3 /* Poppins-Thin.ttf in Resources */ = {isa = PBXBuildFile; fileRef = 58F47580272F2AC3004E18D3 /* Poppins-Thin.ttf */; };
		58F4758A272F2AC3004E18D3 /* Poppins-Regular.ttf in Resources */ = {isa = PBXBuildFile; fileRef = 58F47581272F2AC3004E18D3 /* Poppins-Regular.ttf */; };
		58F4758B272F2AC3004E18D3 /* Poppins-Medium.ttf in Resources */ = {isa = PBXBuildFile; fileRef = 58F47582272F2AC3004E18D3 /* Poppins-Medium.ttf */; };
		58F4758C272F2AC3004E18D3 /* Poppins-ExtraBold.ttf in Resources */ = {isa = PBXBuildFile; fileRef = 58F47583272F2AC3004E18D3 /* Poppins-ExtraBold.ttf */; };
		58F4758D272F2AC3004E18D3 /* Poppins-Light.ttf in Resources */ = {isa = PBXBuildFile; fileRef = 58F47584272F2AC3004E18D3 /* Poppins-Light.ttf */; };
		58F4758E272F2AC3004E18D3 /* Poppins-ExtraLight.ttf in Resources */ = {isa = PBXBuildFile; fileRef = 58F47585272F2AC3004E18D3 /* Poppins-ExtraLight.ttf */; };
		AD05BEB2EDD76766F9FDC822 /* Pods_GoPlace.framework in Frameworks */ = {isa = PBXBuildFile; fileRef = C58A212B793DE4BB14AE59EE /* Pods_GoPlace.framework */; };
/* End PBXBuildFile section */

/* Begin PBXFileReference section */
		58EC0E3727373EB8005B2ECE /* UIView.swift */ = {isa = PBXFileReference; fileEncoding = 4; lastKnownFileType = sourcecode.swift; path = UIView.swift; sourceTree = "<group>"; };
		58EC0E3927373EF5005B2ECE /* UIViewController.swift */ = {isa = PBXFileReference; fileEncoding = 4; lastKnownFileType = sourcecode.swift; path = UIViewController.swift; sourceTree = "<group>"; };
		58EC0E3B27373F00005B2ECE /* String.swift */ = {isa = PBXFileReference; fileEncoding = 4; lastKnownFileType = sourcecode.swift; path = String.swift; sourceTree = "<group>"; };
		58EC0E3D27373F58005B2ECE /* SceneDelegate.swift */ = {isa = PBXFileReference; fileEncoding = 4; lastKnownFileType = sourcecode.swift; path = SceneDelegate.swift; sourceTree = "<group>"; };
		58EC0E3F27373F76005B2ECE /* Main.storyboard */ = {isa = PBXFileReference; fileEncoding = 4; lastKnownFileType = file.storyboard; path = Main.storyboard; sourceTree = "<group>"; };
		58EC0E4127373F83005B2ECE /* SignInViewController.swift */ = {isa = PBXFileReference; fileEncoding = 4; lastKnownFileType = sourcecode.swift; path = SignInViewController.swift; sourceTree = "<group>"; };
		58EC0E4327373FBD005B2ECE /* SignUpViewController.swift */ = {isa = PBXFileReference; fileEncoding = 4; lastKnownFileType = sourcecode.swift; path = SignUpViewController.swift; sourceTree = "<group>"; };
		58EC0E4527373FD1005B2ECE /* PasswordViewController.swift */ = {isa = PBXFileReference; fileEncoding = 4; lastKnownFileType = sourcecode.swift; path = PasswordViewController.swift; sourceTree = "<group>"; };
		58EC0E4B27374AD0005B2ECE /* UIImageView.swift */ = {isa = PBXFileReference; fileEncoding = 4; lastKnownFileType = sourcecode.swift; path = UIImageView.swift; sourceTree = "<group>"; };
		58EC0E4D27374B0A005B2ECE /* HomeViewController.swift */ = {isa = PBXFileReference; fileEncoding = 4; lastKnownFileType = sourcecode.swift; path = HomeViewController.swift; sourceTree = "<group>"; };
		58F47563272F2A12004E18D3 /* GoPlace.app */ = {isa = PBXFileReference; explicitFileType = wrapper.application; includeInIndex = 0; path = GoPlace.app; sourceTree = BUILT_PRODUCTS_DIR; };
		58F47566272F2A12004E18D3 /* AppDelegate.swift */ = {isa = PBXFileReference; lastKnownFileType = sourcecode.swift; path = AppDelegate.swift; sourceTree = "<group>"; };
		58F4756F272F2A14004E18D3 /* Assets.xcassets */ = {isa = PBXFileReference; lastKnownFileType = folder.assetcatalog; path = Assets.xcassets; sourceTree = "<group>"; };
		58F47572272F2A14004E18D3 /* Base */ = {isa = PBXFileReference; lastKnownFileType = file.storyboard; name = Base; path = Base.lproj/LaunchScreen.storyboard; sourceTree = "<group>"; };
		58F47574272F2A14004E18D3 /* Info.plist */ = {isa = PBXFileReference; lastKnownFileType = text.plist.xml; path = Info.plist; sourceTree = "<group>"; };
		58F4757D272F2AC3004E18D3 /* Poppins-Bold.ttf */ = {isa = PBXFileReference; lastKnownFileType = file; path = "Poppins-Bold.ttf"; sourceTree = "<group>"; };
		58F4757E272F2AC3004E18D3 /* Poppins-SemiBold.ttf */ = {isa = PBXFileReference; lastKnownFileType = file; path = "Poppins-SemiBold.ttf"; sourceTree = "<group>"; };
		58F4757F272F2AC3004E18D3 /* Poppins-Black.ttf */ = {isa = PBXFileReference; lastKnownFileType = file; path = "Poppins-Black.ttf"; sourceTree = "<group>"; };
		58F47580272F2AC3004E18D3 /* Poppins-Thin.ttf */ = {isa = PBXFileReference; lastKnownFileType = file; path = "Poppins-Thin.ttf"; sourceTree = "<group>"; };
		58F47581272F2AC3004E18D3 /* Poppins-Regular.ttf */ = {isa = PBXFileReference; lastKnownFileType = file; path = "Poppins-Regular.ttf"; sourceTree = "<group>"; };
		58F47582272F2AC3004E18D3 /* Poppins-Medium.ttf */ = {isa = PBXFileReference; lastKnownFileType = file; path = "Poppins-Medium.ttf"; sourceTree = "<group>"; };
		58F47583272F2AC3004E18D3 /* Poppins-ExtraBold.ttf */ = {isa = PBXFileReference; lastKnownFileType = file; path = "Poppins-ExtraBold.ttf"; sourceTree = "<group>"; };
		58F47584272F2AC3004E18D3 /* Poppins-Light.ttf */ = {isa = PBXFileReference; lastKnownFileType = file; path = "Poppins-Light.ttf"; sourceTree = "<group>"; };
		58F47585272F2AC3004E18D3 /* Poppins-ExtraLight.ttf */ = {isa = PBXFileReference; lastKnownFileType = file; path = "Poppins-ExtraLight.ttf"; sourceTree = "<group>"; };
		C58A212B793DE4BB14AE59EE /* Pods_GoPlace.framework */ = {isa = PBXFileReference; explicitFileType = wrapper.framework; includeInIndex = 0; path = Pods_GoPlace.framework; sourceTree = BUILT_PRODUCTS_DIR; };
		C79111401FA40C12476B2143 /* Pods-GoPlace.release.xcconfig */ = {isa = PBXFileReference; includeInIndex = 1; lastKnownFileType = text.xcconfig; name = "Pods-GoPlace.release.xcconfig"; path = "Target Support Files/Pods-GoPlace/Pods-GoPlace.release.xcconfig"; sourceTree = "<group>"; };
		C935CEEBBAF87AB1DC2D7A03 /* Pods-GoPlace.debug.xcconfig */ = {isa = PBXFileReference; includeInIndex = 1; lastKnownFileType = text.xcconfig; name = "Pods-GoPlace.debug.xcconfig"; path = "Target Support Files/Pods-GoPlace/Pods-GoPlace.debug.xcconfig"; sourceTree = "<group>"; };
/* End PBXFileReference section */

/* Begin PBXFrameworksBuildPhase section */
		58F47560272F2A12004E18D3 /* Frameworks */ = {
			isa = PBXFrameworksBuildPhase;
			buildActionMask = 2147483647;
			files = (
				AD05BEB2EDD76766F9FDC822 /* Pods_GoPlace.framework in Frameworks */,
			);
			runOnlyForDeploymentPostprocessing = 0;
		};
/* End PBXFrameworksBuildPhase section */

/* Begin PBXGroup section */
		58193FBA27324677004B1CB6 /* extensions */ = {
			isa = PBXGroup;
			children = (
				58EC0E3727373EB8005B2ECE /* UIView.swift */,
				58EC0E3927373EF5005B2ECE /* UIViewController.swift */,
				58EC0E4B27374AD0005B2ECE /* UIImageView.swift */,
				58EC0E3B27373F00005B2ECE /* String.swift */,
			);
			path = extensions;
			sourceTree = "<group>";
		};
		58F4755A272F2A12004E18D3 = {
			isa = PBXGroup;
			children = (
				58F47565272F2A12004E18D3 /* GoPlace */,
				58F47564272F2A12004E18D3 /* Products */,
				5CDCA5F5A1C437A8462EB1CE /* Pods */,
				C657AD0222F371F24F932738 /* Frameworks */,
			);
			sourceTree = "<group>";
		};
		58F47564272F2A12004E18D3 /* Products */ = {
			isa = PBXGroup;
			children = (
				58F47563272F2A12004E18D3 /* GoPlace.app */,
			);
			name = Products;
			sourceTree = "<group>";
		};
		58F47565272F2A12004E18D3 /* GoPlace */ = {
			isa = PBXGroup;
			children = (
				58193FBA27324677004B1CB6 /* extensions */,
				58F4757C272F2A80004E18D3 /* fonts */,
				58F47566272F2A12004E18D3 /* AppDelegate.swift */,
				58EC0E3D27373F58005B2ECE /* SceneDelegate.swift */,
				58F4756F272F2A14004E18D3 /* Assets.xcassets */,
				58F47571272F2A14004E18D3 /* LaunchScreen.storyboard */,
				58F47574272F2A14004E18D3 /* Info.plist */,
				58EC0E3F27373F76005B2ECE /* Main.storyboard */,
				58EC0E4127373F83005B2ECE /* SignInViewController.swift */,
				58EC0E4327373FBD005B2ECE /* SignUpViewController.swift */,
				58EC0E4527373FD1005B2ECE /* PasswordViewController.swift */,
				58EC0E4D27374B0A005B2ECE /* HomeViewController.swift */,
			);
			path = GoPlace;
			sourceTree = "<group>";
		};
		58F4757C272F2A80004E18D3 /* fonts */ = {
			isa = PBXGroup;
			children = (
				58F4757F272F2AC3004E18D3 /* Poppins-Black.ttf */,
				58F4757D272F2AC3004E18D3 /* Poppins-Bold.ttf */,
				58F47583272F2AC3004E18D3 /* Poppins-ExtraBold.ttf */,
				58F47585272F2AC3004E18D3 /* Poppins-ExtraLight.ttf */,
				58F47584272F2AC3004E18D3 /* Poppins-Light.ttf */,
				58F47582272F2AC3004E18D3 /* Poppins-Medium.ttf */,
				58F47581272F2AC3004E18D3 /* Poppins-Regular.ttf */,
				58F4757E272F2AC3004E18D3 /* Poppins-SemiBold.ttf */,
				58F47580272F2AC3004E18D3 /* Poppins-Thin.ttf */,
			);
			path = fonts;
			sourceTree = "<group>";
		};
		5CDCA5F5A1C437A8462EB1CE /* Pods */ = {
			isa = PBXGroup;
			children = (
				C935CEEBBAF87AB1DC2D7A03 /* Pods-GoPlace.debug.xcconfig */,
				C79111401FA40C12476B2143 /* Pods-GoPlace.release.xcconfig */,
			);
			path = Pods;
			sourceTree = "<group>";
		};
		C657AD0222F371F24F932738 /* Frameworks */ = {
			isa = PBXGroup;
			children = (
				C58A212B793DE4BB14AE59EE /* Pods_GoPlace.framework */,
			);
			name = Frameworks;
			sourceTree = "<group>";
		};
/* End PBXGroup section */

/* Begin PBXNativeTarget section */
		58F47562272F2A12004E18D3 /* GoPlace */ = {
			isa = PBXNativeTarget;
			buildConfigurationList = 58F47577272F2A14004E18D3 /* Build configuration list for PBXNativeTarget "GoPlace" */;
			buildPhases = (
				921B5143724305BDD2E44C23 /* [CP] Check Pods Manifest.lock */,
				58F4755F272F2A12004E18D3 /* Sources */,
				58F47560272F2A12004E18D3 /* Frameworks */,
				58F47561272F2A12004E18D3 /* Resources */,
				8F6784CEDDE39D5BD92FE013 /* [CP] Embed Pods Frameworks */,
			);
			buildRules = (
			);
			dependencies = (
			);
			name = GoPlace;
			productName = GoPlace;
			productReference = 58F47563272F2A12004E18D3 /* GoPlace.app */;
			productType = "com.apple.product-type.application";
		};
/* End PBXNativeTarget section */

/* Begin PBXProject section */
		58F4755B272F2A12004E18D3 /* Project object */ = {
			isa = PBXProject;
			attributes = {
				BuildIndependentTargetsInParallel = 1;
				LastSwiftUpdateCheck = 1310;
				LastUpgradeCheck = 1310;
				TargetAttributes = {
					58F47562272F2A12004E18D3 = {
						CreatedOnToolsVersion = 13.1;
					};
				};
			};
			buildConfigurationList = 58F4755E272F2A12004E18D3 /* Build configuration list for PBXProject "GoPlace" */;
			compatibilityVersion = "Xcode 13.0";
			developmentRegion = en;
			hasScannedForEncodings = 0;
			knownRegions = (
				en,
				Base,
			);
			mainGroup = 58F4755A272F2A12004E18D3;
			productRefGroup = 58F47564272F2A12004E18D3 /* Products */;
			projectDirPath = "";
			projectRoot = "";
			targets = (
				58F47562272F2A12004E18D3 /* GoPlace */,
			);
		};
/* End PBXProject section */

/* Begin PBXResourcesBuildPhase section */
		58F47561272F2A12004E18D3 /* Resources */ = {
			isa = PBXResourcesBuildPhase;
			buildActionMask = 2147483647;
			files = (
				58F4758E272F2AC3004E18D3 /* Poppins-ExtraLight.ttf in Resources */,
				58F47588272F2AC3004E18D3 /* Poppins-Black.ttf in Resources */,
				58F47589272F2AC3004E18D3 /* Poppins-Thin.ttf in Resources */,
				58F47587272F2AC3004E18D3 /* Poppins-SemiBold.ttf in Resources */,
				58F47573272F2A14004E18D3 /* LaunchScreen.storyboard in Resources */,
				58F47570272F2A14004E18D3 /* Assets.xcassets in Resources */,
				58EC0E4027373F76005B2ECE /* Main.storyboard in Resources */,
				58F4758C272F2AC3004E18D3 /* Poppins-ExtraBold.ttf in Resources */,
				58F4758B272F2AC3004E18D3 /* Poppins-Medium.ttf in Resources */,
				58F47586272F2AC3004E18D3 /* Poppins-Bold.ttf in Resources */,
				58F4758D272F2AC3004E18D3 /* Poppins-Light.ttf in Resources */,
				58F4758A272F2AC3004E18D3 /* Poppins-Regular.ttf in Resources */,
			);
			runOnlyForDeploymentPostprocessing = 0;
		};
/* End PBXResourcesBuildPhase section */

/* Begin PBXShellScriptBuildPhase section */
		8F6784CEDDE39D5BD92FE013 /* [CP] Embed Pods Frameworks */ = {
			isa = PBXShellScriptBuildPhase;
			buildActionMask = 2147483647;
			files = (
			);
			inputFileListPaths = (
				"${PODS_ROOT}/Target Support Files/Pods-GoPlace/Pods-GoPlace-frameworks-${CONFIGURATION}-input-files.xcfilelist",
			);
			name = "[CP] Embed Pods Frameworks";
			outputFileListPaths = (
				"${PODS_ROOT}/Target Support Files/Pods-GoPlace/Pods-GoPlace-frameworks-${CONFIGURATION}-output-files.xcfilelist",
			);
			runOnlyForDeploymentPostprocessing = 0;
			shellPath = /bin/sh;
			shellScript = "\"${PODS_ROOT}/Target Support Files/Pods-GoPlace/Pods-GoPlace-frameworks.sh\"\n";
			showEnvVarsInLog = 0;
		};
		921B5143724305BDD2E44C23 /* [CP] Check Pods Manifest.lock */ = {
			isa = PBXShellScriptBuildPhase;
			buildActionMask = 2147483647;
			files = (
			);
			inputFileListPaths = (
			);
			inputPaths = (
				"${PODS_PODFILE_DIR_PATH}/Podfile.lock",
				"${PODS_ROOT}/Manifest.lock",
			);
			name = "[CP] Check Pods Manifest.lock";
			outputFileListPaths = (
			);
			outputPaths = (
				"$(DERIVED_FILE_DIR)/Pods-GoPlace-checkManifestLockResult.txt",
			);
			runOnlyForDeploymentPostprocessing = 0;
			shellPath = /bin/sh;
			shellScript = "diff \"${PODS_PODFILE_DIR_PATH}/Podfile.lock\" \"${PODS_ROOT}/Manifest.lock\" > /dev/null\nif [ $? != 0 ] ; then\n    # print error to STDERR\n    echo \"error: The sandbox is not in sync with the Podfile.lock. Run 'pod install' or update your CocoaPods installation.\" >&2\n    exit 1\nfi\n# This output is used by Xcode 'outputs' to avoid re-running this script phase.\necho \"SUCCESS\" > \"${SCRIPT_OUTPUT_FILE_0}\"\n";
			showEnvVarsInLog = 0;
		};
/* End PBXShellScriptBuildPhase section */

/* Begin PBXSourcesBuildPhase section */
		58F4755F272F2A12004E18D3 /* Sources */ = {
			isa = PBXSourcesBuildPhase;
			buildActionMask = 2147483647;
			files = (
				58EC0E3E27373F58005B2ECE /* SceneDelegate.swift in Sources */,
				58EC0E4627373FD1005B2ECE /* PasswordViewController.swift in Sources */,
				58EC0E4427373FBD005B2ECE /* SignUpViewController.swift in Sources */,
				58EC0E3827373EB8005B2ECE /* UIView.swift in Sources */,
				58EC0E4227373F83005B2ECE /* SignInViewController.swift in Sources */,
				58EC0E4E27374B0B005B2ECE /* HomeViewController.swift in Sources */,
				58EC0E4C27374AD0005B2ECE /* UIImageView.swift in Sources */,
				58F47567272F2A12004E18D3 /* AppDelegate.swift in Sources */,
				58EC0E3C27373F00005B2ECE /* String.swift in Sources */,
				58EC0E3A27373EF6005B2ECE /* UIViewController.swift in Sources */,
			);
			runOnlyForDeploymentPostprocessing = 0;
		};
/* End PBXSourcesBuildPhase section */

/* Begin PBXVariantGroup section */
		58F47571272F2A14004E18D3 /* LaunchScreen.storyboard */ = {
			isa = PBXVariantGroup;
			children = (
				58F47572272F2A14004E18D3 /* Base */,
			);
			name = LaunchScreen.storyboard;
			sourceTree = "<group>";
		};
/* End PBXVariantGroup section */

/* Begin XCBuildConfiguration section */
		58F47575272F2A14004E18D3 /* Debug */ = {
			isa = XCBuildConfiguration;
			buildSettings = {
				ALWAYS_SEARCH_USER_PATHS = NO;
				CLANG_ANALYZER_NONNULL = YES;
				CLANG_ANALYZER_NUMBER_OBJECT_CONVERSION = YES_AGGRESSIVE;
				CLANG_CXX_LANGUAGE_STANDARD = "gnu++17";
				CLANG_CXX_LIBRARY = "libc++";
				CLANG_ENABLE_MODULES = YES;
				CLANG_ENABLE_OBJC_ARC = YES;
				CLANG_ENABLE_OBJC_WEAK = YES;
				CLANG_WARN_BLOCK_CAPTURE_AUTORELEASING = YES;
				CLANG_WARN_BOOL_CONVERSION = YES;
				CLANG_WARN_COMMA = YES;
				CLANG_WARN_CONSTANT_CONVERSION = YES;
				CLANG_WARN_DEPRECATED_OBJC_IMPLEMENTATIONS = YES;
				CLANG_WARN_DIRECT_OBJC_ISA_USAGE = YES_ERROR;
				CLANG_WARN_DOCUMENTATION_COMMENTS = YES;
				CLANG_WARN_EMPTY_BODY = YES;
				CLANG_WARN_ENUM_CONVERSION = YES;
				CLANG_WARN_INFINITE_RECURSION = YES;
				CLANG_WARN_INT_CONVERSION = YES;
				CLANG_WARN_NON_LITERAL_NULL_CONVERSION = YES;
				CLANG_WARN_OBJC_IMPLICIT_RETAIN_SELF = YES;
				CLANG_WARN_OBJC_LITERAL_CONVERSION = YES;
				CLANG_WARN_OBJC_ROOT_CLASS = YES_ERROR;
				CLANG_WARN_QUOTED_INCLUDE_IN_FRAMEWORK_HEADER = YES;
				CLANG_WARN_RANGE_LOOP_ANALYSIS = YES;
				CLANG_WARN_STRICT_PROTOTYPES = YES;
				CLANG_WARN_SUSPICIOUS_MOVE = YES;
				CLANG_WARN_UNGUARDED_AVAILABILITY = YES_AGGRESSIVE;
				CLANG_WARN_UNREACHABLE_CODE = YES;
				CLANG_WARN__DUPLICATE_METHOD_MATCH = YES;
				COPY_PHASE_STRIP = NO;
				DEBUG_INFORMATION_FORMAT = dwarf;
				ENABLE_STRICT_OBJC_MSGSEND = YES;
				ENABLE_TESTABILITY = YES;
				GCC_C_LANGUAGE_STANDARD = gnu11;
				GCC_DYNAMIC_NO_PIC = NO;
				GCC_NO_COMMON_BLOCKS = YES;
				GCC_OPTIMIZATION_LEVEL = 0;
				GCC_PREPROCESSOR_DEFINITIONS = (
					"DEBUG=1",
					"$(inherited)",
				);
				GCC_WARN_64_TO_32_BIT_CONVERSION = YES;
				GCC_WARN_ABOUT_RETURN_TYPE = YES_ERROR;
				GCC_WARN_UNDECLARED_SELECTOR = YES;
				GCC_WARN_UNINITIALIZED_AUTOS = YES_AGGRESSIVE;
				GCC_WARN_UNUSED_FUNCTION = YES;
				GCC_WARN_UNUSED_VARIABLE = YES;
				IPHONEOS_DEPLOYMENT_TARGET = 15.0;
				MTL_ENABLE_DEBUG_INFO = INCLUDE_SOURCE;
				MTL_FAST_MATH = YES;
				ONLY_ACTIVE_ARCH = YES;
				SDKROOT = iphoneos;
				SWIFT_ACTIVE_COMPILATION_CONDITIONS = DEBUG;
				SWIFT_OPTIMIZATION_LEVEL = "-Onone";
			};
			name = Debug;
		};
		58F47576272F2A14004E18D3 /* Release */ = {
			isa = XCBuildConfiguration;
			buildSettings = {
				ALWAYS_SEARCH_USER_PATHS = NO;
				CLANG_ANALYZER_NONNULL = YES;
				CLANG_ANALYZER_NUMBER_OBJECT_CONVERSION = YES_AGGRESSIVE;
				CLANG_CXX_LANGUAGE_STANDARD = "gnu++17";
				CLANG_CXX_LIBRARY = "libc++";
				CLANG_ENABLE_MODULES = YES;
				CLANG_ENABLE_OBJC_ARC = YES;
				CLANG_ENABLE_OBJC_WEAK = YES;
				CLANG_WARN_BLOCK_CAPTURE_AUTORELEASING = YES;
				CLANG_WARN_BOOL_CONVERSION = YES;
				CLANG_WARN_COMMA = YES;
				CLANG_WARN_CONSTANT_CONVERSION = YES;
				CLANG_WARN_DEPRECATED_OBJC_IMPLEMENTATIONS = YES;
				CLANG_WARN_DIRECT_OBJC_ISA_USAGE = YES_ERROR;
				CLANG_WARN_DOCUMENTATION_COMMENTS = YES;
				CLANG_WARN_EMPTY_BODY = YES;
				CLANG_WARN_ENUM_CONVERSION = YES;
				CLANG_WARN_INFINITE_RECURSION = YES;
				CLANG_WARN_INT_CONVERSION = YES;
				CLANG_WARN_NON_LITERAL_NULL_CONVERSION = YES;
				CLANG_WARN_OBJC_IMPLICIT_RETAIN_SELF = YES;
				CLANG_WARN_OBJC_LITERAL_CONVERSION = YES;
				CLANG_WARN_OBJC_ROOT_CLASS = YES_ERROR;
				CLANG_WARN_QUOTED_INCLUDE_IN_FRAMEWORK_HEADER = YES;
				CLANG_WARN_RANGE_LOOP_ANALYSIS = YES;
				CLANG_WARN_STRICT_PROTOTYPES = YES;
				CLANG_WARN_SUSPICIOUS_MOVE = YES;
				CLANG_WARN_UNGUARDED_AVAILABILITY = YES_AGGRESSIVE;
				CLANG_WARN_UNREACHABLE_CODE = YES;
				CLANG_WARN__DUPLICATE_METHOD_MATCH = YES;
				COPY_PHASE_STRIP = NO;
				DEBUG_INFORMATION_FORMAT = "dwarf-with-dsym";
				ENABLE_NS_ASSERTIONS = NO;
				ENABLE_STRICT_OBJC_MSGSEND = YES;
				GCC_C_LANGUAGE_STANDARD = gnu11;
				GCC_NO_COMMON_BLOCKS = YES;
				GCC_WARN_64_TO_32_BIT_CONVERSION = YES;
				GCC_WARN_ABOUT_RETURN_TYPE = YES_ERROR;
				GCC_WARN_UNDECLARED_SELECTOR = YES;
				GCC_WARN_UNINITIALIZED_AUTOS = YES_AGGRESSIVE;
				GCC_WARN_UNUSED_FUNCTION = YES;
				GCC_WARN_UNUSED_VARIABLE = YES;
				IPHONEOS_DEPLOYMENT_TARGET = 15.0;
				MTL_ENABLE_DEBUG_INFO = NO;
				MTL_FAST_MATH = YES;
				SDKROOT = iphoneos;
				SWIFT_COMPILATION_MODE = wholemodule;
				SWIFT_OPTIMIZATION_LEVEL = "-O";
				VALIDATE_PRODUCT = YES;
			};
			name = Release;
		};
		58F47578272F2A14004E18D3 /* Debug */ = {
			isa = XCBuildConfiguration;
			baseConfigurationReference = C935CEEBBAF87AB1DC2D7A03 /* Pods-GoPlace.debug.xcconfig */;
			buildSettings = {
				ASSETCATALOG_COMPILER_APPICON_NAME = AppIcon;
				ASSETCATALOG_COMPILER_GLOBAL_ACCENT_COLOR_NAME = AccentColor;
				CODE_SIGN_STYLE = Automatic;
				CURRENT_PROJECT_VERSION = 1;
				GENERATE_INFOPLIST_FILE = YES;
				INFOPLIST_FILE = GoPlace/Info.plist;
				INFOPLIST_KEY_CFBundleDisplayName = "GoPlace!";
				INFOPLIST_KEY_UIApplicationSupportsIndirectInputEvents = YES;
				INFOPLIST_KEY_UILaunchStoryboardName = LaunchScreen;
				INFOPLIST_KEY_UIMainStoryboardFile = Main;
				INFOPLIST_KEY_UISupportedInterfaceOrientations = UIInterfaceOrientationPortrait;
				INFOPLIST_KEY_UISupportedInterfaceOrientations_iPad = "UIInterfaceOrientationPortrait UIInterfaceOrientationPortraitUpsideDown UIInterfaceOrientationLandscapeLeft UIInterfaceOrientationLandscapeRight";
				INFOPLIST_KEY_UISupportedInterfaceOrientations_iPhone = "UIInterfaceOrientationPortrait UIInterfaceOrientationLandscapeLeft UIInterfaceOrientationLandscapeRight";
				LD_RUNPATH_SEARCH_PATHS = (
					"$(inherited)",
					"@executable_path/Frameworks",
				);
				MARKETING_VERSION = 1.0;
				PRODUCT_BUNDLE_IDENTIFIER = pe.isil.client.goplace;
				PRODUCT_NAME = "$(TARGET_NAME)";
				SWIFT_EMIT_LOC_STRINGS = YES;
				SWIFT_VERSION = 5.0;
				TARGETED_DEVICE_FAMILY = 1;
			};
			name = Debug;
		};
		58F47579272F2A14004E18D3 /* Release */ = {
			isa = XCBuildConfiguration;
			baseConfigurationReference = C79111401FA40C12476B2143 /* Pods-GoPlace.release.xcconfig */;
			buildSettings = {
				ASSETCATALOG_COMPILER_APPICON_NAME = AppIcon;
				ASSETCATALOG_COMPILER_GLOBAL_ACCENT_COLOR_NAME = AccentColor;
				CODE_SIGN_STYLE = Automatic;
				CURRENT_PROJECT_VERSION = 1;
				GENERATE_INFOPLIST_FILE = YES;
				INFOPLIST_FILE = GoPlace/Info.plist;
				INFOPLIST_KEY_CFBundleDisplayName = "GoPlace!";
				INFOPLIST_KEY_UIApplicationSupportsIndirectInputEvents = YES;
				INFOPLIST_KEY_UILaunchStoryboardName = LaunchScreen;
				INFOPLIST_KEY_UIMainStoryboardFile = Main;
				INFOPLIST_KEY_UISupportedInterfaceOrientations = UIInterfaceOrientationPortrait;
				INFOPLIST_KEY_UISupportedInterfaceOrientations_iPad = "UIInterfaceOrientationPortrait UIInterfaceOrientationPortraitUpsideDown UIInterfaceOrientationLandscapeLeft UIInterfaceOrientationLandscapeRight";
				INFOPLIST_KEY_UISupportedInterfaceOrientations_iPhone = "UIInterfaceOrientationPortrait UIInterfaceOrientationLandscapeLeft UIInterfaceOrientationLandscapeRight";
				LD_RUNPATH_SEARCH_PATHS = (
					"$(inherited)",
					"@executable_path/Frameworks",
				);
				MARKETING_VERSION = 1.0;
				PRODUCT_BUNDLE_IDENTIFIER = pe.isil.client.goplace;
				PRODUCT_NAME = "$(TARGET_NAME)";
				SWIFT_EMIT_LOC_STRINGS = YES;
				SWIFT_VERSION = 5.0;
				TARGETED_DEVICE_FAMILY = 1;
			};
			name = Release;
		};
/* End XCBuildConfiguration section */

/* Begin XCConfigurationList section */
		58F4755E272F2A12004E18D3 /* Build configuration list for PBXProject "GoPlace" */ = {
			isa = XCConfigurationList;
			buildConfigurations = (
				58F47575272F2A14004E18D3 /* Debug */,
				58F47576272F2A14004E18D3 /* Release */,
			);
			defaultConfigurationIsVisible = 0;
			defaultConfigurationName = Release;
		};
		58F47577272F2A14004E18D3 /* Build configuration list for PBXNativeTarget "GoPlace" */ = {
			isa = XCConfigurationList;
			buildConfigurations = (
				58F47578272F2A14004E18D3 /* Debug */,
				58F47579272F2A14004E18D3 /* Release */,
			);
			defaultConfigurationIsVisible = 0;
			defaultConfigurationName = Release;
		};
/* End XCConfigurationList section */
	};
	rootObject = 58F4755B272F2A12004E18D3 /* Project object */;
}
